
Microsoft Visual Studio Solution File, Format Version 12.00
# Visual Studio Version 17
VisualStudioVersion = 17.1.32228.430
MinimumVisualStudioVersion = 10.0.40219.1
Project("{FAE04EC0-301F-11D3-BF4B-00C04F79EFBC}") = "fifteen", "fifteen.csproj", "{9C15E8CB-C9E7-4BBA-BA64-CB82574B1BE1}"
EndProject
Global
	GlobalSection(SolutionConfigurationPlatforms) = preSolution
		Debug|Any CPU = Debug|Any CPU
		Release|Any CPU = Release|Any CPU
	EndGlobalSection
	GlobalSection(ProjectConfigurationPlatforms) = postSolution
		{9C15E8CB-C9E7-4BBA-BA64-CB82574B1BE1}.Debug|Any CPU.ActiveCfg = Debug|Any CPU
		{9C15E8CB-C9E7-4BBA-BA64-CB82574B1BE1}.Debug|Any CPU.Build.0 = Debug|Any CPU
		{9C15E8CB-C9E7-4BBA-BA64-CB82574B1BE1}.Release|Any CPU.ActiveCfg = Release|Any CPU
		{9C15E8CB-C9E7-4BBA-BA64-CB82574B1BE1}.Release|Any CPU.Build.0 = Release|Any CPU
	EndGlobalSection
	GlobalSection(SolutionProperties) = preSolution
		HideSolutionNode = FALSE
	EndGlobalSection
	GlobalSection(ExtensibilityGlobals) = postSolution
		SolutionGuid = {D9128BA1-AE8F-4584-804B-1D79E933BB64}
	EndGlobalSection
EndGlobal
